
Microsoft Visual Studio Solution File, Format Version 12.00
# Visual Studio 15
VisualStudioVersion = 15.0.28307.271
MinimumVisualStudioVersion = 10.0.40219.1
Project("{FAE04EC0-301F-11D3-BF4B-00C04F79EFBC}") = "Acyclic graph", "Acyclic graph\Acyclic graph.csproj", "{BA123874-08CA-4955-9686-F1089C2B04A8}"
EndProject
Project("{FAE04EC0-301F-11D3-BF4B-00C04F79EFBC}") = "Acyclic graph.Tests", "Acyclic graph.Tests\Acyclic graph.Tests.csproj", "{52F237F8-6BAE-4A00-92A4-D2796F469589}"
EndProject
Global
	GlobalSection(SolutionConfigurationPlatforms) = preSolution
		Debug|Any CPU = Debug|Any CPU
		Release|Any CPU = Release|Any CPU
	EndGlobalSection
	GlobalSection(ProjectConfigurationPlatforms) = postSolution
		{BA123874-08CA-4955-9686-F1089C2B04A8}.Debug|Any CPU.ActiveCfg = Release|Any CPU
		{BA123874-08CA-4955-9686-F1089C2B04A8}.Debug|Any CPU.Build.0 = Release|Any CPU
		{BA123874-08CA-4955-9686-F1089C2B04A8}.Release|Any CPU.ActiveCfg = Release|Any CPU
		{BA123874-08CA-4955-9686-F1089C2B04A8}.Release|Any CPU.Build.0 = Release|Any CPU
		{52F237F8-6BAE-4A00-92A4-D2796F469589}.Debug|Any CPU.ActiveCfg = Debug|Any CPU
		{52F237F8-6BAE-4A00-92A4-D2796F469589}.Debug|Any CPU.Build.0 = Debug|Any CPU
		{52F237F8-6BAE-4A00-92A4-D2796F469589}.Release|Any CPU.ActiveCfg = Release|Any CPU
		{52F237F8-6BAE-4A00-92A4-D2796F469589}.Release|Any CPU.Build.0 = Release|Any CPU
	EndGlobalSection
	GlobalSection(SolutionProperties) = preSolution
		HideSolutionNode = FALSE
	EndGlobalSection
	GlobalSection(ExtensibilityGlobals) = postSolution
		SolutionGuid = {21919A75-FEA1-465B-A633-90DBB5FE6C35}
	EndGlobalSection
EndGlobal
